PODS:
  - Adhan (0.1.4)
  - AFDateHelper (4.1.2)
  - AsyncSwift (2.0.1)
  - Crashlytics (3.8.4):
    - Fabric (~> 1.6.3)
  - Fabric (1.6.11)
  - Firebase/Core (3.17.0):
    - FirebaseAnalytics (= 3.9.0)
    - FirebaseCore (= 3.6.0)
  - Firebase/Messaging (3.17.0):
    - Firebase/Core
    - FirebaseMessaging (= 1.2.3)
  - FirebaseAnalytics (3.9.0):
    - FirebaseCore (~> 3.6)
    - FirebaseInstanceID (~> 1.0)
    - "GoogleToolboxForMac/NSData+zlib (~> 2.1)"
  - FirebaseCore (3.6.0):
    - "GoogleToolboxForMac/NSData+zlib (~> 2.1)"
  - FirebaseInstanceID (1.0.10):
    - FirebaseCore (~> 3.6)
  - FirebaseMessaging (1.2.3):
    - FirebaseAnalytics (~> 3.8)
    - FirebaseInstanceID (~> 1.0)
    - GoogleToolboxForMac/Logger (~> 2.1)
    - Protobuf (~> 3.1)
  - GoogleToolboxForMac/Defines (2.1.1)
  - GoogleToolboxForMac/Logger (2.1.1):
    - GoogleToolboxForMac/Defines (= 2.1.1)
  - "GoogleToolboxForMac/NSData+zlib (2.1.1)":
    - GoogleToolboxForMac/Defines (= 2.1.1)
  - PageMenu (2.0.0)
  - Protobuf (3.3.0)
  - Realm (3.5.0):
    - Realm/Headers (= 3.5.0)
  - Realm/Headers (3.5.0)
  - RealmSwift (3.5.0):
    - Realm (= 3.5.0)
  - SlideMenuControllerSwift (3.0.1)

DEPENDENCIES:
  - Adhan
  - AFDateHelper
  - AsyncSwift
  - Crashlytics
  - Fabric
  - Firebase/Core
  - Firebase/Messaging
  - PageMenu
  - RealmSwift
  - SlideMenuControllerSwift

SPEC REPOS:
  https://github.com/cocoapods/specs.git:
    - Adhan
    - AFDateHelper
    - AsyncSwift
    - Crashlytics
    - Fabric
    - Firebase
    - FirebaseAnalytics
    - FirebaseCore
    - FirebaseInstanceID
    - FirebaseMessaging
    - GoogleToolboxForMac
    - PageMenu
    - Protobuf
    - Realm
    - RealmSwift
    - SlideMenuControllerSwift

SPEC CHECKSUMS:
  Adhan: 05c1a5fb29fa32aafc66b49c67b44e2e40942c54
  AFDateHelper: b19c83daa132e398b34fbea085a1554ce07adfe9
  AsyncSwift: 632138e42ead868b53c745fcde9bf733ce1527ad
  Crashlytics: 79e236942ca1e7fc641df1feb9a275360a78ab6a
  Fabric: 5911403591946b8228ab1c51d98f1d7137e863c6
  Firebase: 4b66b5b59c43edac745b87f0c87e42cdd0279c13
  FirebaseAnalytics: e5fe8486efc01bec33f6bf82e2fa9fce4b124052
  FirebaseCore: 9691ee2ade70c098d7cf92440f4303f16d83ca75
  FirebaseInstanceID: b9eedd6846fb5e1f0f7279e1deaa7a7e4cf8392e
  FirebaseMessaging: 753d05a925e9eb8eadd09a0ffc9b808578b72fac
  GoogleToolboxForMac: 8e329f1b599f2512c6b10676d45736bcc2cbbeb0
  PageMenu: 9c38fd7e0d9ef4b1408320f55bb907bbc0e538dc
  Protobuf: d582fecf68201eac3d79ed61369ef45734394b9c
  Realm: 0378021c424e4e2bd6a0e63b27881e929d9b9ad1
  RealmSwift: 3322562622fda2ad596985ead4d8d8be30cf838c
  SlideMenuControllerSwift: 9a163b16d54afab734add42858cba7ef7c307755

PODFILE CHECKSUM: eadcdc8cd43f5927ebea355e70cc93fb2cfcf2e4

COCOAPODS: 1.5.2
