PODS:
  - Adhan (0.1.5)
  - AFDateHelper (4.2.7)
  - Crashlytics (3.10.1):
    - Fabric (~> 1.7.5)
  - Fabric (1.7.6)
  - Firebase/Core (5.0.0):
    - Firebase/CoreOnly
    - FirebaseAnalytics (= 5.0.0)
  - Firebase/CoreOnly (5.0.0):
    - FirebaseCore (= 5.0.0)
  - Firebase/Messaging (5.0.0):
    - Firebase/CoreOnly
    - FirebaseMessaging (= 3.0.0)
  - FirebaseAnalytics (5.0.0):
    - FirebaseCore (~> 5.0)
    - FirebaseInstanceID (~> 3.0)
    - "GoogleToolboxForMac/NSData+zlib (~> 2.1)"
    - nanopb (~> 0.3)
  - FirebaseCore (5.0.0):
    - "GoogleToolboxForMac/NSData+zlib (~> 2.1)"
  - FirebaseInstanceID (3.0.0):
    - FirebaseCore (~> 5.0)
  - FirebaseMessaging (3.0.0):
    - FirebaseCore (~> 5.0)
    - FirebaseInstanceID (~> 3.0)
    - GoogleToolboxForMac/Logger (~> 2.1)
    - Protobuf (~> 3.1)
  - GoogleToolboxForMac/Defines (2.1.4)
  - GoogleToolboxForMac/Logger (2.1.4):
    - GoogleToolboxForMac/Defines (= 2.1.4)
  - "GoogleToolboxForMac/NSData+zlib (2.1.4)":
    - GoogleToolboxForMac/Defines (= 2.1.4)
  - nanopb (0.3.8):
    - nanopb/decode (= 0.3.8)
    - nanopb/encode (= 0.3.8)
  - nanopb/decode (0.3.8)
  - nanopb/encode (0.3.8)
  - PageMenu (2.0.0)
  - Protobuf (3.5.0)
  - Realm (3.5.0):
    - Realm/Headers (= 3.5.0)
  - Realm/Headers (3.5.0)
  - RealmSwift (3.5.0):
    - Realm (= 3.5.0)
  - SlideMenuControllerSwift (4.0.0)

DEPENDENCIES:
  - Adhan
  - AFDateHelper
  - Crashlytics
  - Fabric
  - Firebase/Core
  - Firebase/Messaging
  - PageMenu
  - RealmSwift
  - SlideMenuControllerSwift

SPEC REPOS:
  https://github.com/cocoapods/specs.git:
    - Adhan
    - AFDateHelper
    - Crashlytics
    - Fabric
    - Firebase
    - FirebaseAnalytics
    - FirebaseCore
    - FirebaseInstanceID
    - FirebaseMessaging
    - GoogleToolboxForMac
    - nanopb
    - PageMenu
    - Protobuf
    - Realm
    - RealmSwift
    - SlideMenuControllerSwift

SPEC CHECKSUMS:
  Adhan: a99ff959f806d4c0be7c73eaa768c99c4976d6e1
  AFDateHelper: 4ad66fb19503041fbba8a3018cb7ef9c71b2ff88
  Crashlytics: aee1a064cbbf99b32efa3f056a5f458d846bc8ff
  Fabric: f8d42c893bb187326a7968b62abe55c36a987a46
  Firebase: 4bd804448ab2596794698773d41520a0af101e65
  FirebaseAnalytics: 19812b49fa5f283dd6b23edf8a14b5d477029ab8
  FirebaseCore: e46e4babb9de298fb2f736958edcc6da1dc60d73
  FirebaseInstanceID: 83e0040351565df711a5db3d8ebe5ea21aca998a
  FirebaseMessaging: f2360a966ecfb0d14facf0fbdf306efc2df0ddbe
  GoogleToolboxForMac: 91c824d21e85b31c2aae9bb011c5027c9b4e738f
  nanopb: 5601e6bca2dbf1ed831b519092ec110f66982ca3
  PageMenu: 9c38fd7e0d9ef4b1408320f55bb907bbc0e538dc
  Protobuf: 8a9838fba8dae3389230e1b7f8c104aa32389c03
  Realm: 0378021c424e4e2bd6a0e63b27881e929d9b9ad1
  RealmSwift: 3322562622fda2ad596985ead4d8d8be30cf838c
  SlideMenuControllerSwift: 021d6318201c53d4d4d3710517d43d6c556c7dd0

PODFILE CHECKSUM: 873c9a4ba3f4f45f2a6f31f79f124cdb6d9931ac

COCOAPODS: 1.5.2
